
Microsoft Visual Studio Solution File, Format Version 12.00
# Visual Studio Version 17
VisualStudioVersion = 17.9.34701.34
MinimumVisualStudioVersion = 10.0.40219.1
Project("{FAE04EC0-301F-11D3-BF4B-00C04F79EFBC}") = "ConsoleApp10", "ConsoleApp10\ConsoleApp10.csproj", "{C8DC9E9A-CC7F-4FA6-BF46-F73086FD2225}"
EndProject
Global
	GlobalSection(SolutionConfigurationPlatforms) = preSolution
		Debug|Any CPU = Debug|Any CPU
		Release|Any CPU = Release|Any CPU
	EndGlobalSection
	GlobalSection(ProjectConfigurationPlatforms) = postSolution
		{C8DC9E9A-CC7F-4FA6-BF46-F73086FD2225}.Debug|Any CPU.ActiveCfg = Debug|Any CPU
		{C8DC9E9A-CC7F-4FA6-BF46-F73086FD2225}.Debug|Any CPU.Build.0 = Debug|Any CPU
		{C8DC9E9A-CC7F-4FA6-BF46-F73086FD2225}.Release|Any CPU.ActiveCfg = Release|Any CPU
		{C8DC9E9A-CC7F-4FA6-BF46-F73086FD2225}.Release|Any CPU.Build.0 = Release|Any CPU
	EndGlobalSection
	GlobalSection(SolutionProperties) = preSolution
		HideSolutionNode = FALSE
	EndGlobalSection
	GlobalSection(ExtensibilityGlobals) = postSolution
		SolutionGuid = {214FABCC-7D34-4670-B54F-8077616E752F}
	EndGlobalSection
EndGlobal
